
Microsoft Visual Studio Solution File, Format Version 12.00
# Visual Studio Version 16
VisualStudioVersion = 16.0.29324.140
MinimumVisualStudioVersion = 10.0.40219.1
Project("{FAE04EC0-301F-11D3-BF4B-00C04F79EFBC}") = "WTS1", "WTS1\WTS1.csproj", "{7AB61BDC-0708-42F1-B378-72B6E201136D}"
EndProject
Global
	GlobalSection(SolutionConfigurationPlatforms) = preSolution
		Debug|Any CPU = Debug|Any CPU
		Release|Any CPU = Release|Any CPU
	EndGlobalSection
	GlobalSection(ProjectConfigurationPlatforms) = postSolution
		{7AB61BDC-0708-42F1-B378-72B6E201136D}.Debug|Any CPU.ActiveCfg = Debug|Any CPU
		{7AB61BDC-0708-42F1-B378-72B6E201136D}.Debug|Any CPU.Build.0 = Debug|Any CPU
		{7AB61BDC-0708-42F1-B378-72B6E201136D}.Release|Any CPU.ActiveCfg = Release|Any CPU
		{7AB61BDC-0708-42F1-B378-72B6E201136D}.Release|Any CPU.Build.0 = Release|Any CPU
	EndGlobalSection
	GlobalSection(SolutionProperties) = preSolution
		HideSolutionNode = FALSE
	EndGlobalSection
	GlobalSection(ExtensibilityGlobals) = postSolution
		SolutionGuid = {A52FB57B-3324-460F-9F38-1C7625C6F1DD}
	EndGlobalSection
EndGlobal
